
Microsoft Visual Studio Solution File, Format Version 12.00
# Visual Studio Version 16
VisualStudioVersion = 16.0.30011.22
MinimumVisualStudioVersion = 10.0.40219.1
Project("{FAE04EC0-301F-11D3-BF4B-00C04F79EFBC}") = "Z10_WPFBInding", "Z10_WPFBInding\Z10_WPFBInding.csproj", "{B640A591-8D8D-45D8-B8CC-EA3227D3CC56}"
EndProject
Global
	GlobalSection(SolutionConfigurationPlatforms) = preSolution
		Debug|Any CPU = Debug|Any CPU
		Release|Any CPU = Release|Any CPU
	EndGlobalSection
	GlobalSection(ProjectConfigurationPlatforms) = postSolution
		{B640A591-8D8D-45D8-B8CC-EA3227D3CC56}.Debug|Any CPU.ActiveCfg = Debug|Any CPU
		{B640A591-8D8D-45D8-B8CC-EA3227D3CC56}.Debug|Any CPU.Build.0 = Debug|Any CPU
		{B640A591-8D8D-45D8-B8CC-EA3227D3CC56}.Release|Any CPU.ActiveCfg = Release|Any CPU
		{B640A591-8D8D-45D8-B8CC-EA3227D3CC56}.Release|Any CPU.Build.0 = Release|Any CPU
	EndGlobalSection
	GlobalSection(SolutionProperties) = preSolution
		HideSolutionNode = FALSE
	EndGlobalSection
	GlobalSection(ExtensibilityGlobals) = postSolution
		SolutionGuid = {0C6FDE18-F213-48BC-9476-B504FE405E46}
	EndGlobalSection
EndGlobal
